
Microsoft Visual Studio Solution File, Format Version 12.00
# Visual Studio 2012
Project("{FAE04EC0-301F-11D3-BF4B-00C04F79EFBC}") = "Solid.Arduino", "Solid.Arduino\Solid.Arduino.csproj", "{FDF9E431-2390-4C7B-AE60-10183439A683}"
EndProject
Project("{FAE04EC0-301F-11D3-BF4B-00C04F79EFBC}") = "Solid.Arduino.Test", "Solid.Arduino.Test\Solid.Arduino.Test.csproj", "{74525FE1-E248-449B-B499-F3FB205054F8}"
EndProject
Project("{FAE04EC0-301F-11D3-BF4B-00C04F79EFBC}") = "Solid.Arduino.Run", "Solid.Arduino.Run\Solid.Arduino.Run.csproj", "{2688801E-DD4C-4BEE-8E1D-3C1E3E448D73}"
EndProject
Project("{FAE04EC0-301F-11D3-BF4B-00C04F79EFBC}") = "Solid.Arduino.Monitor", "Solid.Arduino.Monitor\Solid.Arduino.Monitor.csproj", "{CC3D7242-A984-49EC-B6A7-B0F006B08D34}"
EndProject
Project("{7CF6DF6D-3B04-46F8-A40B-537D21BCA0B4}") = "Documentation", "Documentation\Documentation.shfbproj", "{721253FB-22D4-4DB6-8C7E-5F90118F52D5}"
EndProject
Project("{FAE04EC0-301F-11D3-BF4B-00C04F79EFBC}") = "Solid.Arduino.IntegrationTest", "Solid.Arduino.IntegrationTest\Solid.Arduino.IntegrationTest.csproj", "{40D8E3F0-DCCF-4F19-8EC0-2E6EC476B629}"
EndProject
Project("{2150E333-8FDC-42A3-9474-1A3956D46DE8}") = "Solution Items", "Solution Items", "{74531E41-B867-4266-890C-0B32CBE7EE99}"
	ProjectSection(SolutionItems) = preProject
		LICENSE.md = LICENSE.md
		README.md = README.md
	EndProjectSection
EndProject
Global
	GlobalSection(SolutionConfigurationPlatforms) = preSolution
		Debug|Any CPU = Debug|Any CPU
		Release|Any CPU = Release|Any CPU
	EndGlobalSection
	GlobalSection(ProjectConfigurationPlatforms) = postSolution
		{FDF9E431-2390-4C7B-AE60-10183439A683}.Debug|Any CPU.ActiveCfg = Debug|Any CPU
		{FDF9E431-2390-4C7B-AE60-10183439A683}.Debug|Any CPU.Build.0 = Debug|Any CPU
		{FDF9E431-2390-4C7B-AE60-10183439A683}.Release|Any CPU.ActiveCfg = Release|Any CPU
		{FDF9E431-2390-4C7B-AE60-10183439A683}.Release|Any CPU.Build.0 = Release|Any CPU
		{74525FE1-E248-449B-B499-F3FB205054F8}.Debug|Any CPU.ActiveCfg = Debug|Any CPU
		{74525FE1-E248-449B-B499-F3FB205054F8}.Debug|Any CPU.Build.0 = Debug|Any CPU
		{74525FE1-E248-449B-B499-F3FB205054F8}.Release|Any CPU.ActiveCfg = Release|Any CPU
		{74525FE1-E248-449B-B499-F3FB205054F8}.Release|Any CPU.Build.0 = Release|Any CPU
		{2688801E-DD4C-4BEE-8E1D-3C1E3E448D73}.Debug|Any CPU.ActiveCfg = Debug|Any CPU
		{2688801E-DD4C-4BEE-8E1D-3C1E3E448D73}.Debug|Any CPU.Build.0 = Debug|Any CPU
		{2688801E-DD4C-4BEE-8E1D-3C1E3E448D73}.Release|Any CPU.ActiveCfg = Release|Any CPU
		{2688801E-DD4C-4BEE-8E1D-3C1E3E448D73}.Release|Any CPU.Build.0 = Release|Any CPU
		{CC3D7242-A984-49EC-B6A7-B0F006B08D34}.Debug|Any CPU.ActiveCfg = Debug|Any CPU
		{CC3D7242-A984-49EC-B6A7-B0F006B08D34}.Debug|Any CPU.Build.0 = Debug|Any CPU
		{CC3D7242-A984-49EC-B6A7-B0F006B08D34}.Release|Any CPU.ActiveCfg = Release|Any CPU
		{CC3D7242-A984-49EC-B6A7-B0F006B08D34}.Release|Any CPU.Build.0 = Release|Any CPU
		{721253FB-22D4-4DB6-8C7E-5F90118F52D5}.Debug|Any CPU.ActiveCfg = Debug|Any CPU
		{721253FB-22D4-4DB6-8C7E-5F90118F52D5}.Release|Any CPU.ActiveCfg = Release|Any CPU
		{40D8E3F0-DCCF-4F19-8EC0-2E6EC476B629}.Debug|Any CPU.ActiveCfg = Debug|Any CPU
		{40D8E3F0-DCCF-4F19-8EC0-2E6EC476B629}.Debug|Any CPU.Build.0 = Debug|Any CPU
		{40D8E3F0-DCCF-4F19-8EC0-2E6EC476B629}.Release|Any CPU.ActiveCfg = Release|Any CPU
		{40D8E3F0-DCCF-4F19-8EC0-2E6EC476B629}.Release|Any CPU.Build.0 = Release|Any CPU
	EndGlobalSection
	GlobalSection(SolutionProperties) = preSolution
		HideSolutionNode = FALSE
	EndGlobalSection
EndGlobal
